
Microsoft Visual Studio Solution File, Format Version 12.00
# Visual Studio Version 16
VisualStudioVersion = 16.0.29709.97
MinimumVisualStudioVersion = 10.0.40219.1
Project("{FAE04EC0-301F-11D3-BF4B-00C04F79EFBC}") = "LxcApp", "LxcApp.csproj", "{C5AEBCC9-45C4-4AED-8A8B-0FD933522C58}"
EndProject
Global
	GlobalSection(SolutionConfigurationPlatforms) = preSolution
		Debug|Any CPU = Debug|Any CPU
		Release|Any CPU = Release|Any CPU
	EndGlobalSection
	GlobalSection(ProjectConfigurationPlatforms) = postSolution
		{C5AEBCC9-45C4-4AED-8A8B-0FD933522C58}.Debug|Any CPU.ActiveCfg = Debug|Any CPU
		{C5AEBCC9-45C4-4AED-8A8B-0FD933522C58}.Debug|Any CPU.Build.0 = Debug|Any CPU
		{C5AEBCC9-45C4-4AED-8A8B-0FD933522C58}.Release|Any CPU.ActiveCfg = Release|Any CPU
		{C5AEBCC9-45C4-4AED-8A8B-0FD933522C58}.Release|Any CPU.Build.0 = Release|Any CPU
	EndGlobalSection
	GlobalSection(SolutionProperties) = preSolution
		HideSolutionNode = FALSE
	EndGlobalSection
	GlobalSection(ExtensibilityGlobals) = postSolution
		SolutionGuid = {512A4C0A-CF8B-41D6-B133-459BA392D377}
	EndGlobalSection
EndGlobal
